// !$*UTF8*$!
{
	archiveVersion = 1;
	classes = {
	};
	objectVersion = 46;
	objects = {

/* Begin PBXBuildFile section */
		EDAAA2761C20739500A6A542 /* scanner.cc in Sources */ = {isa = PBXBuildFile; fileRef = EDAAA2741C20739500A6A542 /* scanner.cc */; };
		EDDDC6231C23019600D2A4EF /* rank_parser.cc in Sources */ = {isa = PBXBuildFile; fileRef = EDDDC61E1C23019600D2A4EF /* rank_parser.cc */; };
		EDDDC6241C23019600D2A4EF /* rank.cc in Sources */ = {isa = PBXBuildFile; fileRef = EDDDC61F1C23019600D2A4EF /* rank.cc */; };
		EDDDC6271C23066E00D2A4EF /* topk_algorithms.cc in Sources */ = {isa = PBXBuildFile; fileRef = EDDDC6261C23066E00D2A4EF /* topk_algorithms.cc */; };
		EDDDC6291C2476FB00D2A4EF /* format_problems.cc in Sources */ = {isa = PBXBuildFile; fileRef = EDDDC6281C2476FB00D2A4EF /* format_problems.cc */; };
/* End PBXBuildFile section */

/* Begin PBXCopyFilesBuildPhase section */
		EDAAA2661C20735400A6A542 /* CopyFiles */ = {
			isa = PBXCopyFilesBuildPhase;
			buildActionMask = 2147483647;
			dstPath = /usr/share/man/man1/;
			dstSubfolderSpec = 0;
			files = (
			);
			runOnlyForDeploymentPostprocessing = 1;
		};
/* End PBXCopyFilesBuildPhase section */

/* Begin PBXFileReference section */
		EDAAA2681C20735400A6A542 /* topk */ = {isa = PBXFileReference; explicitFileType = "compiled.mach-o.executable"; includeInIndex = 0; path = topk; sourceTree = BUILT_PRODUCTS_DIR; };
		EDAAA2741C20739500A6A542 /* scanner.cc */ = {isa = PBXFileReference; fileEncoding = 4; lastKnownFileType = sourcecode.cpp.cpp; name = scanner.cc; path = ../../src/scanner.cc; sourceTree = "<group>"; };
		EDAAA2781C2073A500A6A542 /* scanner.hh */ = {isa = PBXFileReference; fileEncoding = 4; lastKnownFileType = sourcecode.cpp.h; name = scanner.hh; path = ../../src/scanner.hh; sourceTree = "<group>"; };
		EDDDC61D1C23019600D2A4EF /* benchmark.cc */ = {isa = PBXFileReference; fileEncoding = 4; lastKnownFileType = sourcecode.cpp.cpp; name = benchmark.cc; path = ../../src/benchmark.cc; sourceTree = "<group>"; };
		EDDDC61E1C23019600D2A4EF /* rank_parser.cc */ = {isa = PBXFileReference; fileEncoding = 4; lastKnownFileType = sourcecode.cpp.cpp; name = rank_parser.cc; path = ../../src/rank_parser.cc; sourceTree = "<group>"; };
		EDDDC61F1C23019600D2A4EF /* rank.cc */ = {isa = PBXFileReference; fileEncoding = 4; lastKnownFileType = sourcecode.cpp.cpp; name = rank.cc; path = ../../src/rank.cc; sourceTree = "<group>"; };
		EDDDC6201C23019600D2A4EF /* rank_parser.hh */ = {isa = PBXFileReference; fileEncoding = 4; lastKnownFileType = sourcecode.cpp.h; name = rank_parser.hh; path = ../../src/rank_parser.hh; sourceTree = "<group>"; };
		EDDDC6211C23019600D2A4EF /* rank.hh */ = {isa = PBXFileReference; fileEncoding = 4; lastKnownFileType = sourcecode.cpp.h; name = rank.hh; path = ../../src/rank.hh; sourceTree = "<group>"; };
		EDDDC6251C23066E00D2A4EF /* topk_algorithms.hh */ = {isa = PBXFileReference; fileEncoding = 4; lastKnownFileType = sourcecode.cpp.h; name = topk_algorithms.hh; path = ../../src/topk_algorithms.hh; sourceTree = "<group>"; };
		EDDDC6261C23066E00D2A4EF /* topk_algorithms.cc */ = {isa = PBXFileReference; fileEncoding = 4; lastKnownFileType = sourcecode.cpp.cpp; name = topk_algorithms.cc; path = ../../src/topk_algorithms.cc; sourceTree = "<group>"; };
		EDDDC6281C2476FB00D2A4EF /* format_problems.cc */ = {isa = PBXFileReference; fileEncoding = 4; lastKnownFileType = sourcecode.cpp.cpp; name = format_problems.cc; path = ../../src/format_problems.cc; sourceTree = "<group>"; };
/* End PBXFileReference section */

/* Begin PBXFrameworksBuildPhase section */
		EDAAA2651C20735400A6A542 /* Frameworks */ = {
			isa = PBXFrameworksBuildPhase;
			buildActionMask = 2147483647;
			files = (
			);
			runOnlyForDeploymentPostprocessing = 0;
		};
/* End PBXFrameworksBuildPhase section */

/* Begin PBXGroup section */
		EDAAA25F1C20735400A6A542 = {
			isa = PBXGroup;
			children = (
				EDAAA2721C20738400A6A542 /* src */,
				EDAAA2691C20735400A6A542 /* Products */,
			);
			sourceTree = "<group>";
		};
		EDAAA2691C20735400A6A542 /* Products */ = {
			isa = PBXGroup;
			children = (
				EDAAA2681C20735400A6A542 /* topk */,
			);
			name = Products;
			sourceTree = "<group>";
		};
		EDAAA2721C20738400A6A542 /* src */ = {
			isa = PBXGroup;
			children = (
				EDDDC6281C2476FB00D2A4EF /* format_problems.cc */,
				EDDDC6251C23066E00D2A4EF /* topk_algorithms.hh */,
				EDDDC6261C23066E00D2A4EF /* topk_algorithms.cc */,
				EDDDC61D1C23019600D2A4EF /* benchmark.cc */,
				EDDDC61E1C23019600D2A4EF /* rank_parser.cc */,
				EDDDC61F1C23019600D2A4EF /* rank.cc */,
				EDDDC6201C23019600D2A4EF /* rank_parser.hh */,
				EDDDC6211C23019600D2A4EF /* rank.hh */,
				EDAAA2781C2073A500A6A542 /* scanner.hh */,
				EDAAA2741C20739500A6A542 /* scanner.cc */,
			);
			name = src;
			sourceTree = "<group>";
		};
/* End PBXGroup section */

/* Begin PBXNativeTarget section */
		EDAAA2671C20735400A6A542 /* topk */ = {
			isa = PBXNativeTarget;
			buildConfigurationList = EDAAA26F1C20735400A6A542 /* Build configuration list for PBXNativeTarget "topk" */;
			buildPhases = (
				EDAAA2641C20735400A6A542 /* Sources */,
				EDAAA2651C20735400A6A542 /* Frameworks */,
				EDAAA2661C20735400A6A542 /* CopyFiles */,
			);
			buildRules = (
			);
			dependencies = (
			);
			name = topk;
			productName = topk;
			productReference = EDAAA2681C20735400A6A542 /* topk */;
			productType = "com.apple.product-type.tool";
		};
/* End PBXNativeTarget section */

/* Begin PBXProject section */
		EDAAA2601C20735400A6A542 /* Project object */ = {
			isa = PBXProject;
			attributes = {
				LastUpgradeCheck = 0720;
				ORGANIZATIONNAME = "Lauro Lins";
				TargetAttributes = {
					EDAAA2671C20735400A6A542 = {
						CreatedOnToolsVersion = 7.2;
					};
				};
			};
			buildConfigurationList = EDAAA2631C20735400A6A542 /* Build configuration list for PBXProject "topkube_benchmark" */;
			compatibilityVersion = "Xcode 3.2";
			developmentRegion = English;
			hasScannedForEncodings = 0;
			knownRegions = (
				en,
			);
			mainGroup = EDAAA25F1C20735400A6A542;
			productRefGroup = EDAAA2691C20735400A6A542 /* Products */;
			projectDirPath = "";
			projectRoot = "";
			targets = (
				EDAAA2671C20735400A6A542 /* topk */,
			);
		};
/* End PBXProject section */

/* Begin PBXSourcesBuildPhase section */
		EDAAA2641C20735400A6A542 /* Sources */ = {
			isa = PBXSourcesBuildPhase;
			buildActionMask = 2147483647;
			files = (
				EDDDC6271C23066E00D2A4EF /* topk_algorithms.cc in Sources */,
				EDAAA2761C20739500A6A542 /* scanner.cc in Sources */,
				EDDDC6231C23019600D2A4EF /* rank_parser.cc in Sources */,
				EDDDC6291C2476FB00D2A4EF /* format_problems.cc in Sources */,
				EDDDC6241C23019600D2A4EF /* rank.cc in Sources */,
			);
			runOnlyForDeploymentPostprocessing = 0;
		};
/* End PBXSourcesBuildPhase section */

/* Begin XCBuildConfiguration section */
		EDAAA26D1C20735400A6A542 /* Debug */ = {
			isa = XCBuildConfiguration;
			buildSettings = {
				ALWAYS_SEARCH_USER_PATHS = NO;
				CLANG_CXX_LANGUAGE_STANDARD = "gnu++0x";
				CLANG_CXX_LIBRARY = "libc++";
				CLANG_ENABLE_MODULES = YES;
				CLANG_ENABLE_OBJC_ARC = YES;
				CLANG_WARN_BOOL_CONVERSION = YES;
				CLANG_WARN_CONSTANT_CONVERSION = YES;
				CLANG_WARN_DIRECT_OBJC_ISA_USAGE = YES_ERROR;
				CLANG_WARN_EMPTY_BODY = YES;
				CLANG_WARN_ENUM_CONVERSION = YES;
				CLANG_WARN_INT_CONVERSION = YES;
				CLANG_WARN_OBJC_ROOT_CLASS = YES_ERROR;
				CLANG_WARN_UNREACHABLE_CODE = YES;
				CLANG_WARN__DUPLICATE_METHOD_MATCH = YES;
				CODE_SIGN_IDENTITY = "-";
				COPY_PHASE_STRIP = NO;
				DEBUG_INFORMATION_FORMAT = dwarf;
				ENABLE_STRICT_OBJC_MSGSEND = YES;
				ENABLE_TESTABILITY = YES;
				GCC_C_LANGUAGE_STANDARD = gnu99;
				GCC_DYNAMIC_NO_PIC = NO;
				GCC_NO_COMMON_BLOCKS = YES;
				GCC_OPTIMIZATION_LEVEL = 0;
				GCC_PREPROCESSOR_DEFINITIONS = (
					"DEBUG=1",
					"$(inherited)",
				);
				GCC_WARN_64_TO_32_BIT_CONVERSION = YES;
				GCC_WARN_ABOUT_RETURN_TYPE = YES_ERROR;
				GCC_WARN_UNDECLARED_SELECTOR = YES;
				GCC_WARN_UNINITIALIZED_AUTOS = YES_AGGRESSIVE;
				GCC_WARN_UNUSED_FUNCTION = YES;
				GCC_WARN_UNUSED_VARIABLE = YES;
				MACOSX_DEPLOYMENT_TARGET = 10.11;
				MTL_ENABLE_DEBUG_INFO = YES;
				ONLY_ACTIVE_ARCH = YES;
				SDKROOT = macosx;
			};
			name = Debug;
		};
		EDAAA26E1C20735400A6A542 /* Release */ = {
			isa = XCBuildConfiguration;
			buildSettings = {
				ALWAYS_SEARCH_USER_PATHS = NO;
				CLANG_CXX_LANGUAGE_STANDARD = "gnu++0x";
				CLANG_CXX_LIBRARY = "libc++";
				CLANG_ENABLE_MODULES = YES;
				CLANG_ENABLE_OBJC_ARC = YES;
				CLANG_WARN_BOOL_CONVERSION = YES;
				CLANG_WARN_CONSTANT_CONVERSION = YES;
				CLANG_WARN_DIRECT_OBJC_ISA_USAGE = YES_ERROR;
				CLANG_WARN_EMPTY_BODY = YES;
				CLANG_WARN_ENUM_CONVERSION = YES;
				CLANG_WARN_INT_CONVERSION = YES;
				CLANG_WARN_OBJC_ROOT_CLASS = YES_ERROR;
				CLANG_WARN_UNREACHABLE_CODE = YES;
				CLANG_WARN__DUPLICATE_METHOD_MATCH = YES;
				CODE_SIGN_IDENTITY = "-";
				COPY_PHASE_STRIP = NO;
				DEBUG_INFORMATION_FORMAT = "dwarf-with-dsym";
				ENABLE_NS_ASSERTIONS = NO;
				ENABLE_STRICT_OBJC_MSGSEND = YES;
				GCC_C_LANGUAGE_STANDARD = gnu99;
				GCC_NO_COMMON_BLOCKS = YES;
				GCC_WARN_64_TO_32_BIT_CONVERSION = YES;
				GCC_WARN_ABOUT_RETURN_TYPE = YES_ERROR;
				GCC_WARN_UNDECLARED_SELECTOR = YES;
				GCC_WARN_UNINITIALIZED_AUTOS = YES_AGGRESSIVE;
				GCC_WARN_UNUSED_FUNCTION = YES;
				GCC_WARN_UNUSED_VARIABLE = YES;
				MACOSX_DEPLOYMENT_TARGET = 10.11;
				MTL_ENABLE_DEBUG_INFO = NO;
				SDKROOT = macosx;
			};
			name = Release;
		};
		EDAAA2701C20735400A6A542 /* Debug */ = {
			isa = XCBuildConfiguration;
			buildSettings = {
				PRODUCT_NAME = "$(TARGET_NAME)";
			};
			name = Debug;
		};
		EDAAA2711C20735400A6A542 /* Release */ = {
			isa = XCBuildConfiguration;
			buildSettings = {
				PRODUCT_NAME = "$(TARGET_NAME)";
			};
			name = Release;
		};
/* End XCBuildConfiguration section */

/* Begin XCConfigurationList section */
		EDAAA2631C20735400A6A542 /* Build configuration list for PBXProject "topkube_benchmark" */ = {
			isa = XCConfigurationList;
			buildConfigurations = (
				EDAAA26D1C20735400A6A542 /* Debug */,
				EDAAA26E1C20735400A6A542 /* Release */,
			);
			defaultConfigurationIsVisible = 0;
			defaultConfigurationName = Release;
		};
		EDAAA26F1C20735400A6A542 /* Build configuration list for PBXNativeTarget "topk" */ = {
			isa = XCConfigurationList;
			buildConfigurations = (
				EDAAA2701C20735400A6A542 /* Debug */,
				EDAAA2711C20735400A6A542 /* Release */,
			);
			defaultConfigurationIsVisible = 0;
			defaultConfigurationName = Release;
		};
/* End XCConfigurationList section */
	};
	rootObject = EDAAA2601C20735400A6A542 /* Project object */;
}
